// !$*UTF8*$!
{
	archiveVersion = 1;
	classes = {
	};
	objectVersion = 56;
	objects = {

/* Begin PBXBuildFile section */
		2D05D83829F269C900AC21FD /* mergeTrees.swift in Sources */ = {isa = PBXBuildFile; fileRef = 2D05D83729F269C900AC21FD /* mergeTrees.swift */; };
		2D05D83A29F26A0600AC21FD /* isSubtree.swift in Sources */ = {isa = PBXBuildFile; fileRef = 2D05D83929F26A0600AC21FD /* isSubtree.swift */; };
		2D05D83C29F26A1C00AC21FD /* invertTree.swift in Sources */ = {isa = PBXBuildFile; fileRef = 2D05D83B29F26A1C00AC21FD /* invertTree.swift */; };
		2D213F46294226C300BBB9D0 /* findDuplicate.swift in Sources */ = {isa = PBXBuildFile; fileRef = 2D213F45294226C300BBB9D0 /* findDuplicate.swift */; };
		2D3C39DE2930B8B800FCB199 /* main.swift in Sources */ = {isa = PBXBuildFile; fileRef = 2D3C39DD2930B8B800FCB199 /* main.swift */; };
		2D3C39E52930B98600FCB199 /* removeDublicates.swift in Sources */ = {isa = PBXBuildFile; fileRef = 2D3C39E42930B98600FCB199 /* removeDublicates.swift */; };
		2D3C39E72930BF1F00FCB199 /* isValidBrackets.swift in Sources */ = {isa = PBXBuildFile; fileRef = 2D3C39E62930BF1F00FCB199 /* isValidBrackets.swift */; };
		2D3C39E92934A5C800FCB199 /* reversePolishNotation.swift in Sources */ = {isa = PBXBuildFile; fileRef = 2D3C39E82934A5C800FCB199 /* reversePolishNotation.swift */; };
		2D3C39EB2934C41100FCB199 /* makeGoodString.swift in Sources */ = {isa = PBXBuildFile; fileRef = 2D3C39EA2934C41100FCB199 /* makeGoodString.swift */; };
		2D3C39ED29360A8C00FCB199 /* removeKDigits.swift in Sources */ = {isa = PBXBuildFile; fileRef = 2D3C39EC29360A8C00FCB199 /* removeKDigits.swift */; };
		2D3C39EF2937588500FCB199 /* findAnagrams.swift in Sources */ = {isa = PBXBuildFile; fileRef = 2D3C39EE2937588500FCB199 /* findAnagrams.swift */; };
		2D3C39F129389A1400FCB199 /* peakIndexInMountainArray.swift in Sources */ = {isa = PBXBuildFile; fileRef = 2D3C39F029389A1400FCB199 /* peakIndexInMountainArray.swift */; };
		2D3C39F32938EA5F00FCB199 /* containsDuplicate.swift in Sources */ = {isa = PBXBuildFile; fileRef = 2D3C39F22938EA5F00FCB199 /* containsDuplicate.swift */; };
		2D3C39F52938EC1100FCB199 /* missingNumber.swift in Sources */ = {isa = PBXBuildFile; fileRef = 2D3C39F42938EC1100FCB199 /* missingNumber.swift */; };
		2D3C39F72939D94A00FCB199 /* findDisappearedNumbers.swift in Sources */ = {isa = PBXBuildFile; fileRef = 2D3C39F62939D94A00FCB199 /* findDisappearedNumbers.swift */; };
		2D3C39F92939E1CF00FCB199 /* singleNumber.swift in Sources */ = {isa = PBXBuildFile; fileRef = 2D3C39F82939E1CF00FCB199 /* singleNumber.swift */; };
		2D3C3A00293DE06600FCB199 /* construct2DArray.swift in Sources */ = {isa = PBXBuildFile; fileRef = 2D3C39FF293DE06600FCB199 /* construct2DArray.swift */; };
		2D3C3A02293F434500FCB199 /* productExceptSelf.swift in Sources */ = {isa = PBXBuildFile; fileRef = 2D3C3A01293F434500FCB199 /* productExceptSelf.swift */; };
		2DAF630929655999005DD72A /* hasCycle.swift in Sources */ = {isa = PBXBuildFile; fileRef = 2DAF630829655999005DD72A /* hasCycle.swift */; };
		2DAF630B29655E66005DD72A /* isPalindromeList.swift in Sources */ = {isa = PBXBuildFile; fileRef = 2DAF630A29655E66005DD72A /* isPalindromeList.swift */; };
		2DB1DE7329ED53CD00CE0B4F /* hasPathSum.swift in Sources */ = {isa = PBXBuildFile; fileRef = 2DB1DE7229ED53CD00CE0B4F /* hasPathSum.swift */; };
		2DB1DE7529ED67D600CE0B4F /* maxDepth.swift in Sources */ = {isa = PBXBuildFile; fileRef = 2DB1DE7429ED67D600CE0B4F /* maxDepth.swift */; };
		2DB1DE7729EE9E8700CE0B4F /* diameterOfBinaryTree.swift in Sources */ = {isa = PBXBuildFile; fileRef = 2DB1DE7629EE9E8700CE0B4F /* diameterOfBinaryTree.swift */; };
		2DB416A629BB207A00A21F50 /* squaresOfASortedArray.swift in Sources */ = {isa = PBXBuildFile; fileRef = 2DB416A529BB207A00A21F50 /* squaresOfASortedArray.swift */; };
		2DB416A829BB268800A21F50 /* backspaceStringCompare.swift in Sources */ = {isa = PBXBuildFile; fileRef = 2DB416A729BB268800A21F50 /* backspaceStringCompare.swift */; };
		2DB416AD29BB2F7B00A21F50 /* binaryTreeImpl.swift in Sources */ = {isa = PBXBuildFile; fileRef = 2DB416AC29BB2F7B00A21F50 /* binaryTreeImpl.swift */; };
		2DB416B129BF14AB00A21F50 /* TreeTraversal.swift in Sources */ = {isa = PBXBuildFile; fileRef = 2DB416B029BF14AB00A21F50 /* TreeTraversal.swift */; };
		2DB416B329BF4BC500A21F50 /* minimumDepthOfBinaryTree.swift in Sources */ = {isa = PBXBuildFile; fileRef = 2DB416B229BF4BC500A21F50 /* minimumDepthOfBinaryTree.swift */; };
		2DB416B529C070A300A21F50 /* sameTree.swift in Sources */ = {isa = PBXBuildFile; fileRef = 2DB416B429C070A300A21F50 /* sameTree.swift */; };
		2DBE2D74294C62E4003C115E /* spiralOrder.swift in Sources */ = {isa = PBXBuildFile; fileRef = 2DBE2D73294C62E4003C115E /* spiralOrder.swift */; };
		2DBF8B262950675400A2028C /* rotateImage.swift in Sources */ = {isa = PBXBuildFile; fileRef = 2DBF8B252950675400A2028C /* rotateImage.swift */; };
		2DBF8B2A2950A1CE00A2028C /* climbStairs.swift in Sources */ = {isa = PBXBuildFile; fileRef = 2DBF8B292950A1CE00A2028C /* climbStairs.swift */; };
		2DBF8B352952FB9900A2028C /* maxProfit.swift in Sources */ = {isa = PBXBuildFile; fileRef = 2DBF8B342952FB9900A2028C /* maxProfit.swift */; };
		2DBF8B4B29559C4200A2028C /* LinkedList.swift in Sources */ = {isa = PBXBuildFile; fileRef = 2DBF8B4A29559C4200A2028C /* LinkedList.swift */; };
		2DBF8B4D29559C7700A2028C /* reverseList.swift in Sources */ = {isa = PBXBuildFile; fileRef = 2DBF8B4C29559C7700A2028C /* reverseList.swift */; };
		2DD1F9922947095C00A40A10 /* setZeroes.swift in Sources */ = {isa = PBXBuildFile; fileRef = 2DD1F9912947095C00A40A10 /* setZeroes.swift */; };
		2DD86103295998F800582775 /* countBits.swift in Sources */ = {isa = PBXBuildFile; fileRef = 2DD86102295998F800582775 /* countBits.swift */; };
/* End PBXBuildFile section */

/* Begin PBXCopyFilesBuildPhase section */
		2D3C39D82930B8B800FCB199 /* CopyFiles */ = {
			isa = PBXCopyFilesBuildPhase;
			buildActionMask = 2147483647;
			dstPath = /usr/share/man/man1/;
			dstSubfolderSpec = 0;
			files = (
			);
			runOnlyForDeploymentPostprocessing = 1;
		};
/* End PBXCopyFilesBuildPhase section */

/* Begin PBXFileReference section */
		2D05D83729F269C900AC21FD /* mergeTrees.swift */ = {isa = PBXFileReference; lastKnownFileType = sourcecode.swift; path = mergeTrees.swift; sourceTree = "<group>"; };
		2D05D83929F26A0600AC21FD /* isSubtree.swift */ = {isa = PBXFileReference; lastKnownFileType = sourcecode.swift; path = isSubtree.swift; sourceTree = "<group>"; };
		2D05D83B29F26A1C00AC21FD /* invertTree.swift */ = {isa = PBXFileReference; lastKnownFileType = sourcecode.swift; path = invertTree.swift; sourceTree = "<group>"; };
		2D213F45294226C300BBB9D0 /* findDuplicate.swift */ = {isa = PBXFileReference; lastKnownFileType = sourcecode.swift; path = findDuplicate.swift; sourceTree = "<group>"; };
		2D3C39DA2930B8B800FCB199 /* Problems */ = {isa = PBXFileReference; explicitFileType = "compiled.mach-o.executable"; includeInIndex = 0; path = Problems; sourceTree = BUILT_PRODUCTS_DIR; };
		2D3C39DD2930B8B800FCB199 /* main.swift */ = {isa = PBXFileReference; lastKnownFileType = sourcecode.swift; path = main.swift; sourceTree = "<group>"; };
		2D3C39E42930B98600FCB199 /* removeDublicates.swift */ = {isa = PBXFileReference; lastKnownFileType = sourcecode.swift; path = removeDublicates.swift; sourceTree = "<group>"; };
		2D3C39E62930BF1F00FCB199 /* isValidBrackets.swift */ = {isa = PBXFileReference; lastKnownFileType = sourcecode.swift; path = isValidBrackets.swift; sourceTree = "<group>"; };
		2D3C39E82934A5C800FCB199 /* reversePolishNotation.swift */ = {isa = PBXFileReference; lastKnownFileType = sourcecode.swift; path = reversePolishNotation.swift; sourceTree = "<group>"; };
		2D3C39EA2934C41100FCB199 /* makeGoodString.swift */ = {isa = PBXFileReference; lastKnownFileType = sourcecode.swift; path = makeGoodString.swift; sourceTree = "<group>"; };
		2D3C39EC29360A8C00FCB199 /* removeKDigits.swift */ = {isa = PBXFileReference; lastKnownFileType = sourcecode.swift; path = removeKDigits.swift; sourceTree = "<group>"; };
		2D3C39EE2937588500FCB199 /* findAnagrams.swift */ = {isa = PBXFileReference; lastKnownFileType = sourcecode.swift; path = findAnagrams.swift; sourceTree = "<group>"; };
		2D3C39F029389A1400FCB199 /* peakIndexInMountainArray.swift */ = {isa = PBXFileReference; lastKnownFileType = sourcecode.swift; path = peakIndexInMountainArray.swift; sourceTree = "<group>"; };
		2D3C39F22938EA5F00FCB199 /* containsDuplicate.swift */ = {isa = PBXFileReference; lastKnownFileType = sourcecode.swift; path = containsDuplicate.swift; sourceTree = "<group>"; };
		2D3C39F42938EC1100FCB199 /* missingNumber.swift */ = {isa = PBXFileReference; lastKnownFileType = sourcecode.swift; path = missingNumber.swift; sourceTree = "<group>"; };
		2D3C39F62939D94A00FCB199 /* findDisappearedNumbers.swift */ = {isa = PBXFileReference; lastKnownFileType = sourcecode.swift; path = findDisappearedNumbers.swift; sourceTree = "<group>"; };
		2D3C39F82939E1CF00FCB199 /* singleNumber.swift */ = {isa = PBXFileReference; lastKnownFileType = sourcecode.swift; path = singleNumber.swift; sourceTree = "<group>"; };
		2D3C39FF293DE06600FCB199 /* construct2DArray.swift */ = {isa = PBXFileReference; lastKnownFileType = sourcecode.swift; path = construct2DArray.swift; sourceTree = "<group>"; };
		2D3C3A01293F434500FCB199 /* productExceptSelf.swift */ = {isa = PBXFileReference; lastKnownFileType = sourcecode.swift; path = productExceptSelf.swift; sourceTree = "<group>"; };
		2DAF630829655999005DD72A /* hasCycle.swift */ = {isa = PBXFileReference; lastKnownFileType = sourcecode.swift; path = hasCycle.swift; sourceTree = "<group>"; };
		2DAF630A29655E66005DD72A /* isPalindromeList.swift */ = {isa = PBXFileReference; lastKnownFileType = sourcecode.swift; path = isPalindromeList.swift; sourceTree = "<group>"; };
		2DB1DE7229ED53CD00CE0B4F /* hasPathSum.swift */ = {isa = PBXFileReference; lastKnownFileType = sourcecode.swift; path = hasPathSum.swift; sourceTree = "<group>"; };
		2DB1DE7429ED67D600CE0B4F /* maxDepth.swift */ = {isa = PBXFileReference; lastKnownFileType = sourcecode.swift; path = maxDepth.swift; sourceTree = "<group>"; };
		2DB1DE7629EE9E8700CE0B4F /* diameterOfBinaryTree.swift */ = {isa = PBXFileReference; lastKnownFileType = sourcecode.swift; path = diameterOfBinaryTree.swift; sourceTree = "<group>"; };
		2DB416A529BB207A00A21F50 /* squaresOfASortedArray.swift */ = {isa = PBXFileReference; lastKnownFileType = sourcecode.swift; path = squaresOfASortedArray.swift; sourceTree = "<group>"; };
		2DB416A729BB268800A21F50 /* backspaceStringCompare.swift */ = {isa = PBXFileReference; lastKnownFileType = sourcecode.swift; path = backspaceStringCompare.swift; sourceTree = "<group>"; };
		2DB416AC29BB2F7B00A21F50 /* binaryTreeImpl.swift */ = {isa = PBXFileReference; lastKnownFileType = sourcecode.swift; path = binaryTreeImpl.swift; sourceTree = "<group>"; };
		2DB416B029BF14AB00A21F50 /* TreeTraversal.swift */ = {isa = PBXFileReference; lastKnownFileType = sourcecode.swift; path = TreeTraversal.swift; sourceTree = "<group>"; };
		2DB416B229BF4BC500A21F50 /* minimumDepthOfBinaryTree.swift */ = {isa = PBXFileReference; lastKnownFileType = sourcecode.swift; path = minimumDepthOfBinaryTree.swift; sourceTree = "<group>"; };
		2DB416B429C070A300A21F50 /* sameTree.swift */ = {isa = PBXFileReference; lastKnownFileType = sourcecode.swift; path = sameTree.swift; sourceTree = "<group>"; };
		2DBE2D73294C62E4003C115E /* spiralOrder.swift */ = {isa = PBXFileReference; lastKnownFileType = sourcecode.swift; path = spiralOrder.swift; sourceTree = "<group>"; };
		2DBF8B252950675400A2028C /* rotateImage.swift */ = {isa = PBXFileReference; lastKnownFileType = sourcecode.swift; path = rotateImage.swift; sourceTree = "<group>"; };
		2DBF8B292950A1CE00A2028C /* climbStairs.swift */ = {isa = PBXFileReference; lastKnownFileType = sourcecode.swift; path = climbStairs.swift; sourceTree = "<group>"; };
		2DBF8B342952FB9900A2028C /* maxProfit.swift */ = {isa = PBXFileReference; lastKnownFileType = sourcecode.swift; path = maxProfit.swift; sourceTree = "<group>"; };
		2DBF8B4A29559C4200A2028C /* LinkedList.swift */ = {isa = PBXFileReference; lastKnownFileType = sourcecode.swift; path = LinkedList.swift; sourceTree = "<group>"; };
		2DBF8B4C29559C7700A2028C /* reverseList.swift */ = {isa = PBXFileReference; lastKnownFileType = sourcecode.swift; path = reverseList.swift; sourceTree = "<group>"; };
		2DD1F9912947095C00A40A10 /* setZeroes.swift */ = {isa = PBXFileReference; lastKnownFileType = sourcecode.swift; path = setZeroes.swift; sourceTree = "<group>"; };
		2DD86102295998F800582775 /* countBits.swift */ = {isa = PBXFileReference; lastKnownFileType = sourcecode.swift; path = countBits.swift; sourceTree = "<group>"; };
/* End PBXFileReference section */

/* Begin PBXFrameworksBuildPhase section */
		2D3C39D72930B8B800FCB199 /* Frameworks */ = {
			isa = PBXFrameworksBuildPhase;
			buildActionMask = 2147483647;
			files = (
			);
			runOnlyForDeploymentPostprocessing = 0;
		};
/* End PBXFrameworksBuildPhase section */

/* Begin PBXGroup section */
		2D3C39D12930B8B800FCB199 = {
			isa = PBXGroup;
			children = (
				2DD861002959695700582775 /* Algorithms */,
				2D3C39DC2930B8B800FCB199 /* Problems */,
				2D3C39DB2930B8B800FCB199 /* Products */,
			);
			sourceTree = "<group>";
		};
		2D3C39DB2930B8B800FCB199 /* Products */ = {
			isa = PBXGroup;
			children = (
				2D3C39DA2930B8B800FCB199 /* Problems */,
			);
			name = Products;
			sourceTree = "<group>";
		};
		2D3C39DC2930B8B800FCB199 /* Problems */ = {
			isa = PBXGroup;
			children = (
				2D3C39DD2930B8B800FCB199 /* main.swift */,
				2D3C39FD2939E27F00FCB199 /* Stack */,
				2D3C39FE2939F6BD00FCB199 /* String */,
				2DBF8B322952FACB00A2028C /* Dynamic Programming */,
				2DBF8B332952FB8500A2028C /* Greedy */,
				2DBF8B4929559C1D00A2028C /* Linked List */,
				2DD86101295998B200582775 /* Bit manipulation */,
				2DB416AB29BB2F3100A21F50 /* Trees */,
				2D3C39FA2939E1E500FCB199 /* Array */,
			);
			path = Problems;
			sourceTree = "<group>";
		};
		2D3C39FA2939E1E500FCB199 /* Array */ = {
			isa = PBXGroup;
			children = (
				2D3C39F029389A1400FCB199 /* peakIndexInMountainArray.swift */,
				2D3C39F42938EC1100FCB199 /* missingNumber.swift */,
				2D3C39F22938EA5F00FCB199 /* containsDuplicate.swift */,
				2D3C39F62939D94A00FCB199 /* findDisappearedNumbers.swift */,
				2D3C39F82939E1CF00FCB199 /* singleNumber.swift */,
				2D3C39FF293DE06600FCB199 /* construct2DArray.swift */,
				2D3C3A01293F434500FCB199 /* productExceptSelf.swift */,
				2D213F45294226C300BBB9D0 /* findDuplicate.swift */,
				2DD1F9912947095C00A40A10 /* setZeroes.swift */,
				2DBE2D73294C62E4003C115E /* spiralOrder.swift */,
				2DBF8B252950675400A2028C /* rotateImage.swift */,
				2DB416A529BB207A00A21F50 /* squaresOfASortedArray.swift */,
				2DB416A729BB268800A21F50 /* backspaceStringCompare.swift */,
			);
			path = Array;
			sourceTree = "<group>";
		};
		2D3C39FD2939E27F00FCB199 /* Stack */ = {
			isa = PBXGroup;
			children = (
				2D3C39EC29360A8C00FCB199 /* removeKDigits.swift */,
				2D3C39E42930B98600FCB199 /* removeDublicates.swift */,
				2D3C39EA2934C41100FCB199 /* makeGoodString.swift */,
				2D3C39E82934A5C800FCB199 /* reversePolishNotation.swift */,
				2D3C39E62930BF1F00FCB199 /* isValidBrackets.swift */,
			);
			path = Stack;
			sourceTree = "<group>";
		};
		2D3C39FE2939F6BD00FCB199 /* String */ = {
			isa = PBXGroup;
			children = (
				2D3C39EE2937588500FCB199 /* findAnagrams.swift */,
			);
			path = String;
			sourceTree = "<group>";
		};
		2DB416AB29BB2F3100A21F50 /* Trees */ = {
			isa = PBXGroup;
			children = (
				2DB416AC29BB2F7B00A21F50 /* binaryTreeImpl.swift */,
				2DB416B029BF14AB00A21F50 /* TreeTraversal.swift */,
				2DB416B229BF4BC500A21F50 /* minimumDepthOfBinaryTree.swift */,
				2DB416B429C070A300A21F50 /* sameTree.swift */,
				2DB1DE7229ED53CD00CE0B4F /* hasPathSum.swift */,
				2DB1DE7429ED67D600CE0B4F /* maxDepth.swift */,
				2DB1DE7629EE9E8700CE0B4F /* diameterOfBinaryTree.swift */,
				2D05D83729F269C900AC21FD /* mergeTrees.swift */,
				2D05D83929F26A0600AC21FD /* isSubtree.swift */,
				2D05D83B29F26A1C00AC21FD /* invertTree.swift */,
			);
			path = Trees;
			sourceTree = "<group>";
		};
		2DBF8B322952FACB00A2028C /* Dynamic Programming */ = {
			isa = PBXGroup;
			children = (
				2DBF8B292950A1CE00A2028C /* climbStairs.swift */,
			);
			path = "Dynamic Programming";
			sourceTree = "<group>";
		};
		2DBF8B332952FB8500A2028C /* Greedy */ = {
			isa = PBXGroup;
			children = (
				2DBF8B342952FB9900A2028C /* maxProfit.swift */,
			);
			path = Greedy;
			sourceTree = "<group>";
		};
		2DBF8B4929559C1D00A2028C /* Linked List */ = {
			isa = PBXGroup;
			children = (
				2DBF8B4A29559C4200A2028C /* LinkedList.swift */,
				2DAF630829655999005DD72A /* hasCycle.swift */,
				2DBF8B4C29559C7700A2028C /* reverseList.swift */,
				2DAF630A29655E66005DD72A /* isPalindromeList.swift */,
			);
			path = "Linked List";
			sourceTree = "<group>";
		};
		2DD861002959695700582775 /* Algorithms */ = {
			isa = PBXGroup;
			children = (
			);
			path = Algorithms;
			sourceTree = "<group>";
		};
		2DD86101295998B200582775 /* Bit manipulation */ = {
			isa = PBXGroup;
			children = (
				2DD86102295998F800582775 /* countBits.swift */,
			);
			path = "Bit manipulation";
			sourceTree = "<group>";
		};
/* End PBXGroup section */

/* Begin PBXNativeTarget section */
		2D3C39D92930B8B800FCB199 /* Problems */ = {
			isa = PBXNativeTarget;
			buildConfigurationList = 2D3C39E12930B8B800FCB199 /* Build configuration list for PBXNativeTarget "Problems" */;
			buildPhases = (
				2D3C39D62930B8B800FCB199 /* Sources */,
				2D3C39D72930B8B800FCB199 /* Frameworks */,
				2D3C39D82930B8B800FCB199 /* CopyFiles */,
			);
			buildRules = (
			);
			dependencies = (
			);
			name = Problems;
			productName = Problems;
			productReference = 2D3C39DA2930B8B800FCB199 /* Problems */;
			productType = "com.apple.product-type.tool";
		};
/* End PBXNativeTarget section */

/* Begin PBXProject section */
		2D3C39D22930B8B800FCB199 /* Project object */ = {
			isa = PBXProject;
			attributes = {
				BuildIndependentTargetsInParallel = 1;
				LastSwiftUpdateCheck = 1410;
				LastUpgradeCheck = 1420;
				TargetAttributes = {
					2D3C39D92930B8B800FCB199 = {
						CreatedOnToolsVersion = 14.1;
					};
				};
			};
			buildConfigurationList = 2D3C39D52930B8B800FCB199 /* Build configuration list for PBXProject "Problems" */;
			compatibilityVersion = "Xcode 14.0";
			developmentRegion = en;
			hasScannedForEncodings = 0;
			knownRegions = (
				en,
				Base,
			);
			mainGroup = 2D3C39D12930B8B800FCB199;
			productRefGroup = 2D3C39DB2930B8B800FCB199 /* Products */;
			projectDirPath = "";
			projectRoot = "";
			targets = (
				2D3C39D92930B8B800FCB199 /* Problems */,
			);
		};
/* End PBXProject section */

/* Begin PBXSourcesBuildPhase section */
		2D3C39D62930B8B800FCB199 /* Sources */ = {
			isa = PBXSourcesBuildPhase;
			buildActionMask = 2147483647;
			files = (
				2DB416B129BF14AB00A21F50 /* TreeTraversal.swift in Sources */,
				2D05D83829F269C900AC21FD /* mergeTrees.swift in Sources */,
				2D3C39F92939E1CF00FCB199 /* singleNumber.swift in Sources */,
				2D3C3A00293DE06600FCB199 /* construct2DArray.swift in Sources */,
				2D3C3A02293F434500FCB199 /* productExceptSelf.swift in Sources */,
				2DB416B329BF4BC500A21F50 /* minimumDepthOfBinaryTree.swift in Sources */,
				2DBE2D74294C62E4003C115E /* spiralOrder.swift in Sources */,
				2DBF8B352952FB9900A2028C /* maxProfit.swift in Sources */,
				2DAF630B29655E66005DD72A /* isPalindromeList.swift in Sources */,
				2DB416A829BB268800A21F50 /* backspaceStringCompare.swift in Sources */,
				2DB1DE7329ED53CD00CE0B4F /* hasPathSum.swift in Sources */,
				2DB1DE7729EE9E8700CE0B4F /* diameterOfBinaryTree.swift in Sources */,
				2DBF8B262950675400A2028C /* rotateImage.swift in Sources */,
				2DB416AD29BB2F7B00A21F50 /* binaryTreeImpl.swift in Sources */,
				2DBF8B4B29559C4200A2028C /* LinkedList.swift in Sources */,
				2D3C39EF2937588500FCB199 /* findAnagrams.swift in Sources */,
				2D3C39DE2930B8B800FCB199 /* main.swift in Sources */,
				2DD86103295998F800582775 /* countBits.swift in Sources */,
				2D213F46294226C300BBB9D0 /* findDuplicate.swift in Sources */,
				2D05D83C29F26A1C00AC21FD /* invertTree.swift in Sources */,
				2D3C39E92934A5C800FCB199 /* reversePolishNotation.swift in Sources */,
				2D3C39F52938EC1100FCB199 /* missingNumber.swift in Sources */,
				2DAF630929655999005DD72A /* hasCycle.swift in Sources */,
				2D3C39F72939D94A00FCB199 /* findDisappearedNumbers.swift in Sources */,
				2D3C39F129389A1400FCB199 /* peakIndexInMountainArray.swift in Sources */,
				2D05D83A29F26A0600AC21FD /* isSubtree.swift in Sources */,
				2DB1DE7529ED67D600CE0B4F /* maxDepth.swift in Sources */,
				2DB416B529C070A300A21F50 /* sameTree.swift in Sources */,
				2DBF8B4D29559C7700A2028C /* reverseList.swift in Sources */,
				2D3C39F32938EA5F00FCB199 /* containsDuplicate.swift in Sources */,
				2D3C39E72930BF1F00FCB199 /* isValidBrackets.swift in Sources */,
				2D3C39ED29360A8C00FCB199 /* removeKDigits.swift in Sources */,
				2D3C39EB2934C41100FCB199 /* makeGoodString.swift in Sources */,
				2DB416A629BB207A00A21F50 /* squaresOfASortedArray.swift in Sources */,
				2DBF8B2A2950A1CE00A2028C /* climbStairs.swift in Sources */,
				2DD1F9922947095C00A40A10 /* setZeroes.swift in Sources */,
				2D3C39E52930B98600FCB199 /* removeDublicates.swift in Sources */,
			);
			runOnlyForDeploymentPostprocessing = 0;
		};
/* End PBXSourcesBuildPhase section */

/* Begin XCBuildConfiguration section */
		2D3C39DF2930B8B800FCB199 /* Debug */ = {
			isa = XCBuildConfiguration;
			buildSettings = {
				ALWAYS_SEARCH_USER_PATHS = NO;
				CLANG_ANALYZER_NONNULL = YES;
				CLANG_ANALYZER_NUMBER_OBJECT_CONVERSION = YES_AGGRESSIVE;
				CLANG_CXX_LANGUAGE_STANDARD = "gnu++20";
				CLANG_ENABLE_MODULES = YES;
				CLANG_ENABLE_OBJC_ARC = YES;
				CLANG_ENABLE_OBJC_WEAK = YES;
				CLANG_WARN_BLOCK_CAPTURE_AUTORELEASING = YES;
				CLANG_WARN_BOOL_CONVERSION = YES;
				CLANG_WARN_COMMA = YES;
				CLANG_WARN_CONSTANT_CONVERSION = YES;
				CLANG_WARN_DEPRECATED_OBJC_IMPLEMENTATIONS = YES;
				CLANG_WARN_DIRECT_OBJC_ISA_USAGE = YES_ERROR;
				CLANG_WARN_DOCUMENTATION_COMMENTS = YES;
				CLANG_WARN_EMPTY_BODY = YES;
				CLANG_WARN_ENUM_CONVERSION = YES;
				CLANG_WARN_INFINITE_RECURSION = YES;
				CLANG_WARN_INT_CONVERSION = YES;
				CLANG_WARN_NON_LITERAL_NULL_CONVERSION = YES;
				CLANG_WARN_OBJC_IMPLICIT_RETAIN_SELF = YES;
				CLANG_WARN_OBJC_LITERAL_CONVERSION = YES;
				CLANG_WARN_OBJC_ROOT_CLASS = YES_ERROR;
				CLANG_WARN_QUOTED_INCLUDE_IN_FRAMEWORK_HEADER = YES;
				CLANG_WARN_RANGE_LOOP_ANALYSIS = YES;
				CLANG_WARN_STRICT_PROTOTYPES = YES;
				CLANG_WARN_SUSPICIOUS_MOVE = YES;
				CLANG_WARN_UNGUARDED_AVAILABILITY = YES_AGGRESSIVE;
				CLANG_WARN_UNREACHABLE_CODE = YES;
				CLANG_WARN__DUPLICATE_METHOD_MATCH = YES;
				COPY_PHASE_STRIP = NO;
				DEAD_CODE_STRIPPING = YES;
				DEBUG_INFORMATION_FORMAT = dwarf;
				ENABLE_STRICT_OBJC_MSGSEND = YES;
				ENABLE_TESTABILITY = YES;
				GCC_C_LANGUAGE_STANDARD = gnu11;
				GCC_DYNAMIC_NO_PIC = NO;
				GCC_NO_COMMON_BLOCKS = YES;
				GCC_OPTIMIZATION_LEVEL = 0;
				GCC_PREPROCESSOR_DEFINITIONS = (
					"DEBUG=1",
					"$(inherited)",
				);
				GCC_WARN_64_TO_32_BIT_CONVERSION = YES;
				GCC_WARN_ABOUT_RETURN_TYPE = YES_ERROR;
				GCC_WARN_UNDECLARED_SELECTOR = YES;
				GCC_WARN_UNINITIALIZED_AUTOS = YES_AGGRESSIVE;
				GCC_WARN_UNUSED_FUNCTION = YES;
				GCC_WARN_UNUSED_VARIABLE = YES;
				MACOSX_DEPLOYMENT_TARGET = 12.0;
				MTL_ENABLE_DEBUG_INFO = INCLUDE_SOURCE;
				MTL_FAST_MATH = YES;
				ONLY_ACTIVE_ARCH = YES;
				PRECOMPS_INCLUDE_HEADERS_FROM_BUILT_PRODUCTS_DIR = YES;
				SDKROOT = macosx;
				SWIFT_ACTIVE_COMPILATION_CONDITIONS = DEBUG;
				SWIFT_OPTIMIZATION_LEVEL = "-Onone";
				SWIFT_PRECOMPILE_BRIDGING_HEADER = YES;
			};
			name = Debug;
		};
		2D3C39E02930B8B800FCB199 /* Release */ = {
			isa = XCBuildConfiguration;
			buildSettings = {
				ALWAYS_SEARCH_USER_PATHS = NO;
				CLANG_ANALYZER_NONNULL = YES;
				CLANG_ANALYZER_NUMBER_OBJECT_CONVERSION = YES_AGGRESSIVE;
				CLANG_CXX_LANGUAGE_STANDARD = "gnu++20";
				CLANG_ENABLE_MODULES = YES;
				CLANG_ENABLE_OBJC_ARC = YES;
				CLANG_ENABLE_OBJC_WEAK = YES;
				CLANG_WARN_BLOCK_CAPTURE_AUTORELEASING = YES;
				CLANG_WARN_BOOL_CONVERSION = YES;
				CLANG_WARN_COMMA = YES;
				CLANG_WARN_CONSTANT_CONVERSION = YES;
				CLANG_WARN_DEPRECATED_OBJC_IMPLEMENTATIONS = YES;
				CLANG_WARN_DIRECT_OBJC_ISA_USAGE = YES_ERROR;
				CLANG_WARN_DOCUMENTATION_COMMENTS = YES;
				CLANG_WARN_EMPTY_BODY = YES;
				CLANG_WARN_ENUM_CONVERSION = YES;
				CLANG_WARN_INFINITE_RECURSION = YES;
				CLANG_WARN_INT_CONVERSION = YES;
				CLANG_WARN_NON_LITERAL_NULL_CONVERSION = YES;
				CLANG_WARN_OBJC_IMPLICIT_RETAIN_SELF = YES;
				CLANG_WARN_OBJC_LITERAL_CONVERSION = YES;
				CLANG_WARN_OBJC_ROOT_CLASS = YES_ERROR;
				CLANG_WARN_QUOTED_INCLUDE_IN_FRAMEWORK_HEADER = YES;
				CLANG_WARN_RANGE_LOOP_ANALYSIS = YES;
				CLANG_WARN_STRICT_PROTOTYPES = YES;
				CLANG_WARN_SUSPICIOUS_MOVE = YES;
				CLANG_WARN_UNGUARDED_AVAILABILITY = YES_AGGRESSIVE;
				CLANG_WARN_UNREACHABLE_CODE = YES;
				CLANG_WARN__DUPLICATE_METHOD_MATCH = YES;
				COPY_PHASE_STRIP = NO;
				DEAD_CODE_STRIPPING = YES;
				DEBUG_INFORMATION_FORMAT = "dwarf-with-dsym";
				ENABLE_NS_ASSERTIONS = NO;
				ENABLE_STRICT_OBJC_MSGSEND = YES;
				GCC_C_LANGUAGE_STANDARD = gnu11;
				GCC_NO_COMMON_BLOCKS = YES;
				GCC_WARN_64_TO_32_BIT_CONVERSION = YES;
				GCC_WARN_ABOUT_RETURN_TYPE = YES_ERROR;
				GCC_WARN_UNDECLARED_SELECTOR = YES;
				GCC_WARN_UNINITIALIZED_AUTOS = YES_AGGRESSIVE;
				GCC_WARN_UNUSED_FUNCTION = YES;
				GCC_WARN_UNUSED_VARIABLE = YES;
				MACOSX_DEPLOYMENT_TARGET = 12.0;
				MTL_ENABLE_DEBUG_INFO = NO;
				MTL_FAST_MATH = YES;
				PRECOMPS_INCLUDE_HEADERS_FROM_BUILT_PRODUCTS_DIR = YES;
				SDKROOT = macosx;
				SWIFT_COMPILATION_MODE = wholemodule;
				SWIFT_OPTIMIZATION_LEVEL = "-O";
				SWIFT_PRECOMPILE_BRIDGING_HEADER = YES;
			};
			name = Release;
		};
		2D3C39E22930B8B800FCB199 /* Debug */ = {
			isa = XCBuildConfiguration;
			buildSettings = {
				CLANG_WARN_BLOCK_CAPTURE_AUTORELEASING = NO;
				CODE_SIGN_IDENTITY = "-";
				CODE_SIGN_STYLE = Automatic;
				DEAD_CODE_STRIPPING = YES;
				DEVELOPMENT_TEAM = GKZ7DJWHAN;
				ENABLE_HARDENED_RUNTIME = YES;
				GCC_WARN_UNUSED_LABEL = YES;
				GCC_WARN_UNUSED_PARAMETER = YES;
				PRODUCT_NAME = "$(TARGET_NAME)";
				SWIFT_VERSION = 5.0;
			};
			name = Debug;
		};
		2D3C39E32930B8B800FCB199 /* Release */ = {
			isa = XCBuildConfiguration;
			buildSettings = {
				CLANG_WARN_BLOCK_CAPTURE_AUTORELEASING = NO;
				CODE_SIGN_IDENTITY = "-";
				CODE_SIGN_STYLE = Automatic;
				DEAD_CODE_STRIPPING = YES;
				DEVELOPMENT_TEAM = GKZ7DJWHAN;
				ENABLE_HARDENED_RUNTIME = YES;
				GCC_WARN_UNUSED_LABEL = YES;
				GCC_WARN_UNUSED_PARAMETER = YES;
				PRODUCT_NAME = "$(TARGET_NAME)";
				SWIFT_VERSION = 5.0;
			};
			name = Release;
		};
/* End XCBuildConfiguration section */

/* Begin XCConfigurationList section */
		2D3C39D52930B8B800FCB199 /* Build configuration list for PBXProject "Problems" */ = {
			isa = XCConfigurationList;
			buildConfigurations = (
				2D3C39DF2930B8B800FCB199 /* Debug */,
				2D3C39E02930B8B800FCB199 /* Release */,
			);
			defaultConfigurationIsVisible = 0;
			defaultConfigurationName = Release;
		};
		2D3C39E12930B8B800FCB199 /* Build configuration list for PBXNativeTarget "Problems" */ = {
			isa = XCConfigurationList;
			buildConfigurations = (
				2D3C39E22930B8B800FCB199 /* Debug */,
				2D3C39E32930B8B800FCB199 /* Release */,
			);
			defaultConfigurationIsVisible = 0;
			defaultConfigurationName = Release;
		};
/* End XCConfigurationList section */
	};
	rootObject = 2D3C39D22930B8B800FCB199 /* Project object */;
}
